
Microsoft Visual Studio Solution File, Format Version 12.00
# Visual Studio Version 17
VisualStudioVersion = 17.11.35219.272
MinimumVisualStudioVersion = 10.0.40219.1
Project("{9A19103F-16F7-4668-BE54-9A1E7A4F7556}") = "ITP136", "ITP136\ITP136.csproj", "{78DBB2A3-B01E-46D9-ACE3-713E43C9A160}"
EndProject
Project("{9A19103F-16F7-4668-BE54-9A1E7A4F7556}") = "Week3CW", "Week3CW\Week3CW.csproj", "{26CD7AFC-EFD5-4D04-8422-BFDC6B02D662}"
EndProject
Project("{9A19103F-16F7-4668-BE54-9A1E7A4F7556}") = "Week3HW", "Week3HW\Week3HW.csproj", "{C4E53EB7-4436-4789-80F5-7B7710495A7C}"
EndProject
Project("{9A19103F-16F7-4668-BE54-9A1E7A4F7556}") = "Week4CW", "Week4CW\Week4CW.csproj", "{DDCF5FBF-4763-44F3-B366-31F7C61D268B}"
EndProject
Project("{9A19103F-16F7-4668-BE54-9A1E7A4F7556}") = "Week4HW", "Week4HW\Week4HW.csproj", "{F1DE3B25-7BBF-40AC-9BF5-00FB11BBD05E}"
EndProject
Project("{9A19103F-16F7-4668-BE54-9A1E7A4F7556}") = "Week5CW", "Week5CW\Week5CW.csproj", "{9803C7A8-87E3-4E6A-8F96-06B7FE52658C}"
EndProject
Project("{9A19103F-16F7-4668-BE54-9A1E7A4F7556}") = "Week5HW", "Week5HW\Week5HW.csproj", "{69DC10B7-8D1D-477C-A5E1-3DB78AEE8AFE}"
EndProject
Project("{9A19103F-16F7-4668-BE54-9A1E7A4F7556}") = "Week6CW", "Week6CW\Week6CW.csproj", "{1CA54C15-642F-46BA-8A63-5D0EBA17311D}"
EndProject
Project("{9A19103F-16F7-4668-BE54-9A1E7A4F7556}") = "Week6HW", "Week6HW\Week6HW.csproj", "{63252EA9-04EA-499A-A732-44B39AC77A12}"
EndProject
Project("{9A19103F-16F7-4668-BE54-9A1E7A4F7556}") = "Midterm", "Midterm\Midterm.csproj", "{9830F587-D990-4915-B54B-AF6A3D482F9E}"
EndProject
Project("{9A19103F-16F7-4668-BE54-9A1E7A4F7556}") = "Week9CW", "Week9CW\Week9CW.csproj", "{00A7B2C3-1188-441A-8662-F21EAD8B0E65}"
EndProject
Project("{9A19103F-16F7-4668-BE54-9A1E7A4F7556}") = "Week9HW", "Week9HW\Week9HW.csproj", "{53146257-159D-44E0-8BAE-CC8F9044A759}"
EndProject
Project("{9A19103F-16F7-4668-BE54-9A1E7A4F7556}") = "Week10CW", "Week10CW\Week10CW.csproj", "{0369E04E-2909-4E98-87E6-4E049EFDD688}"
EndProject
Project("{FAE04EC0-301F-11D3-BF4B-00C04F79EFBC}") = "Week10HW", "Week10HW\Week10HW.csproj", "{D4E4220B-BD44-4893-BA23-5F1131A56DE5}"
EndProject
Global
	GlobalSection(SolutionConfigurationPlatforms) = preSolution
		Debug|Any CPU = Debug|Any CPU
		Release|Any CPU = Release|Any CPU
	EndGlobalSection
	GlobalSection(ProjectConfigurationPlatforms) = postSolution
		{78DBB2A3-B01E-46D9-ACE3-713E43C9A160}.Debug|Any CPU.ActiveCfg = Debug|Any CPU
		{78DBB2A3-B01E-46D9-ACE3-713E43C9A160}.Debug|Any CPU.Build.0 = Debug|Any CPU
		{78DBB2A3-B01E-46D9-ACE3-713E43C9A160}.Release|Any CPU.ActiveCfg = Release|Any CPU
		{78DBB2A3-B01E-46D9-ACE3-713E43C9A160}.Release|Any CPU.Build.0 = Release|Any CPU
		{26CD7AFC-EFD5-4D04-8422-BFDC6B02D662}.Debug|Any CPU.ActiveCfg = Debug|Any CPU
		{26CD7AFC-EFD5-4D04-8422-BFDC6B02D662}.Debug|Any CPU.Build.0 = Debug|Any CPU
		{26CD7AFC-EFD5-4D04-8422-BFDC6B02D662}.Release|Any CPU.ActiveCfg = Release|Any CPU
		{26CD7AFC-EFD5-4D04-8422-BFDC6B02D662}.Release|Any CPU.Build.0 = Release|Any CPU
		{C4E53EB7-4436-4789-80F5-7B7710495A7C}.Debug|Any CPU.ActiveCfg = Debug|Any CPU
		{C4E53EB7-4436-4789-80F5-7B7710495A7C}.Debug|Any CPU.Build.0 = Debug|Any CPU
		{C4E53EB7-4436-4789-80F5-7B7710495A7C}.Release|Any CPU.ActiveCfg = Release|Any CPU
		{C4E53EB7-4436-4789-80F5-7B7710495A7C}.Release|Any CPU.Build.0 = Release|Any CPU
		{DDCF5FBF-4763-44F3-B366-31F7C61D268B}.Debug|Any CPU.ActiveCfg = Debug|Any CPU
		{DDCF5FBF-4763-44F3-B366-31F7C61D268B}.Debug|Any CPU.Build.0 = Debug|Any CPU
		{DDCF5FBF-4763-44F3-B366-31F7C61D268B}.Release|Any CPU.ActiveCfg = Release|Any CPU
		{DDCF5FBF-4763-44F3-B366-31F7C61D268B}.Release|Any CPU.Build.0 = Release|Any CPU
		{F1DE3B25-7BBF-40AC-9BF5-00FB11BBD05E}.Debug|Any CPU.ActiveCfg = Debug|Any CPU
		{F1DE3B25-7BBF-40AC-9BF5-00FB11BBD05E}.Debug|Any CPU.Build.0 = Debug|Any CPU
		{F1DE3B25-7BBF-40AC-9BF5-00FB11BBD05E}.Release|Any CPU.ActiveCfg = Release|Any CPU
		{F1DE3B25-7BBF-40AC-9BF5-00FB11BBD05E}.Release|Any CPU.Build.0 = Release|Any CPU
		{9803C7A8-87E3-4E6A-8F96-06B7FE52658C}.Debug|Any CPU.ActiveCfg = Debug|Any CPU
		{9803C7A8-87E3-4E6A-8F96-06B7FE52658C}.Debug|Any CPU.Build.0 = Debug|Any CPU
		{9803C7A8-87E3-4E6A-8F96-06B7FE52658C}.Release|Any CPU.ActiveCfg = Release|Any CPU
		{9803C7A8-87E3-4E6A-8F96-06B7FE52658C}.Release|Any CPU.Build.0 = Release|Any CPU
		{69DC10B7-8D1D-477C-A5E1-3DB78AEE8AFE}.Debug|Any CPU.ActiveCfg = Debug|Any CPU
		{69DC10B7-8D1D-477C-A5E1-3DB78AEE8AFE}.Debug|Any CPU.Build.0 = Debug|Any CPU
		{69DC10B7-8D1D-477C-A5E1-3DB78AEE8AFE}.Release|Any CPU.ActiveCfg = Release|Any CPU
		{69DC10B7-8D1D-477C-A5E1-3DB78AEE8AFE}.Release|Any CPU.Build.0 = Release|Any CPU
		{1CA54C15-642F-46BA-8A63-5D0EBA17311D}.Debug|Any CPU.ActiveCfg = Debug|Any CPU
		{1CA54C15-642F-46BA-8A63-5D0EBA17311D}.Debug|Any CPU.Build.0 = Debug|Any CPU
		{1CA54C15-642F-46BA-8A63-5D0EBA17311D}.Release|Any CPU.ActiveCfg = Release|Any CPU
		{1CA54C15-642F-46BA-8A63-5D0EBA17311D}.Release|Any CPU.Build.0 = Release|Any CPU
		{63252EA9-04EA-499A-A732-44B39AC77A12}.Debug|Any CPU.ActiveCfg = Debug|Any CPU
		{63252EA9-04EA-499A-A732-44B39AC77A12}.Debug|Any CPU.Build.0 = Debug|Any CPU
		{63252EA9-04EA-499A-A732-44B39AC77A12}.Release|Any CPU.ActiveCfg = Release|Any CPU
		{63252EA9-04EA-499A-A732-44B39AC77A12}.Release|Any CPU.Build.0 = Release|Any CPU
		{9830F587-D990-4915-B54B-AF6A3D482F9E}.Debug|Any CPU.ActiveCfg = Debug|Any CPU
		{9830F587-D990-4915-B54B-AF6A3D482F9E}.Debug|Any CPU.Build.0 = Debug|Any CPU
		{9830F587-D990-4915-B54B-AF6A3D482F9E}.Release|Any CPU.ActiveCfg = Release|Any CPU
		{9830F587-D990-4915-B54B-AF6A3D482F9E}.Release|Any CPU.Build.0 = Release|Any CPU
		{00A7B2C3-1188-441A-8662-F21EAD8B0E65}.Debug|Any CPU.ActiveCfg = Debug|Any CPU
		{00A7B2C3-1188-441A-8662-F21EAD8B0E65}.Debug|Any CPU.Build.0 = Debug|Any CPU
		{00A7B2C3-1188-441A-8662-F21EAD8B0E65}.Release|Any CPU.ActiveCfg = Release|Any CPU
		{00A7B2C3-1188-441A-8662-F21EAD8B0E65}.Release|Any CPU.Build.0 = Release|Any CPU
		{53146257-159D-44E0-8BAE-CC8F9044A759}.Debug|Any CPU.ActiveCfg = Debug|Any CPU
		{53146257-159D-44E0-8BAE-CC8F9044A759}.Debug|Any CPU.Build.0 = Debug|Any CPU
		{53146257-159D-44E0-8BAE-CC8F9044A759}.Release|Any CPU.ActiveCfg = Release|Any CPU
		{53146257-159D-44E0-8BAE-CC8F9044A759}.Release|Any CPU.Build.0 = Release|Any CPU
		{0369E04E-2909-4E98-87E6-4E049EFDD688}.Debug|Any CPU.ActiveCfg = Debug|Any CPU
		{0369E04E-2909-4E98-87E6-4E049EFDD688}.Debug|Any CPU.Build.0 = Debug|Any CPU
		{0369E04E-2909-4E98-87E6-4E049EFDD688}.Release|Any CPU.ActiveCfg = Release|Any CPU
		{0369E04E-2909-4E98-87E6-4E049EFDD688}.Release|Any CPU.Build.0 = Release|Any CPU
		{D4E4220B-BD44-4893-BA23-5F1131A56DE5}.Debug|Any CPU.ActiveCfg = Debug|Any CPU
		{D4E4220B-BD44-4893-BA23-5F1131A56DE5}.Debug|Any CPU.Build.0 = Debug|Any CPU
		{D4E4220B-BD44-4893-BA23-5F1131A56DE5}.Release|Any CPU.ActiveCfg = Release|Any CPU
		{D4E4220B-BD44-4893-BA23-5F1131A56DE5}.Release|Any CPU.Build.0 = Release|Any CPU
	EndGlobalSection
	GlobalSection(SolutionProperties) = preSolution
		HideSolutionNode = FALSE
	EndGlobalSection
	GlobalSection(ExtensibilityGlobals) = postSolution
		SolutionGuid = {D15C798C-194D-42F2-930E-87017F5E1E4A}
	EndGlobalSection
EndGlobal
